
Microsoft Visual Studio Solution File, Format Version 12.00
# Visual Studio Version 17
VisualStudioVersion = 17.1.32210.238
MinimumVisualStudioVersion = 10.0.40219.1
Project("{E24C65DC-7377-472B-9ABA-BC803B73C61A}") = "resume", ".", "{DEB828D7-DB38-4AEC-A05D-7AE30E82C797}"
	ProjectSection(WebsiteProperties) = preProject
		TargetFrameworkMoniker = ".NETFramework,Version%3Dv4.5"
		Debug.AspNetCompiler.VirtualPath = "/localhost_52266"
		Debug.AspNetCompiler.PhysicalPath = "..\resume\"
		Debug.AspNetCompiler.TargetPath = "PrecompiledWeb\localhost_52266\"
		Debug.AspNetCompiler.Updateable = "true"
		Debug.AspNetCompiler.ForceOverwrite = "true"
		Debug.AspNetCompiler.FixedNames = "false"
		Debug.AspNetCompiler.Debug = "True"
		Release.AspNetCompiler.VirtualPath = "/localhost_52266"
		Release.AspNetCompiler.PhysicalPath = "..\resume\"
		Release.AspNetCompiler.TargetPath = "PrecompiledWeb\localhost_52266\"
		Release.AspNetCompiler.Updateable = "true"
		Release.AspNetCompiler.ForceOverwrite = "true"
		Release.AspNetCompiler.FixedNames = "false"
		Release.AspNetCompiler.Debug = "False"
		VWDPort = "52266"
		SlnRelativePath = "..\resume\"
	EndProjectSection
EndProject
Global
	GlobalSection(SolutionConfigurationPlatforms) = preSolution
		Debug|Any CPU = Debug|Any CPU
	EndGlobalSection
	GlobalSection(ProjectConfigurationPlatforms) = postSolution
		{DEB828D7-DB38-4AEC-A05D-7AE30E82C797}.Debug|Any CPU.ActiveCfg = Debug|Any CPU
		{DEB828D7-DB38-4AEC-A05D-7AE30E82C797}.Debug|Any CPU.Build.0 = Debug|Any CPU
	EndGlobalSection
	GlobalSection(SolutionProperties) = preSolution
		HideSolutionNode = FALSE
	EndGlobalSection
	GlobalSection(ExtensibilityGlobals) = postSolution
		SolutionGuid = {25568314-1153-4D6A-804C-BCA6A747FB0A}
	EndGlobalSection
EndGlobal
